// !$*UTF8*$!
{
	archiveVersion = 1;
	classes = {
	};
	objectVersion = 46;
	objects = {

/* Begin PBXBuildFile section */
		6162ED710366597473408104 /* libPods-RealmNotificaitonBlockNoCalled.a in Frameworks */ = {isa = PBXBuildFile; fileRef = CA6B02825BDDF519D165F14C /* libPods-RealmNotificaitonBlockNoCalled.a */; };
		9566B2981DD2CDB9006F0119 /* main.m in Sources */ = {isa = PBXBuildFile; fileRef = 9566B2971DD2CDB9006F0119 /* main.m */; };
		9566B29B1DD2CDB9006F0119 /* AppDelegate.m in Sources */ = {isa = PBXBuildFile; fileRef = 9566B29A1DD2CDB9006F0119 /* AppDelegate.m */; };
		9566B29E1DD2CDB9006F0119 /* ViewController.m in Sources */ = {isa = PBXBuildFile; fileRef = 9566B29D1DD2CDB9006F0119 /* ViewController.m */; };
		9566B2A11DD2CDB9006F0119 /* Main.storyboard in Resources */ = {isa = PBXBuildFile; fileRef = 9566B29F1DD2CDB9006F0119 /* Main.storyboard */; };
		9566B2A31DD2CDB9006F0119 /* Assets.xcassets in Resources */ = {isa = PBXBuildFile; fileRef = 9566B2A21DD2CDB9006F0119 /* Assets.xcassets */; };
		9566B2A61DD2CDB9006F0119 /* LaunchScreen.storyboard in Resources */ = {isa = PBXBuildFile; fileRef = 9566B2A41DD2CDB9006F0119 /* LaunchScreen.storyboard */; };
		9566B2BD1DD2D085006F0119 /* Animal.m in Sources */ = {isa = PBXBuildFile; fileRef = 9566B2B81DD2D085006F0119 /* Animal.m */; };
		9566B2BE1DD2D085006F0119 /* Chicken.m in Sources */ = {isa = PBXBuildFile; fileRef = 9566B2BA1DD2D085006F0119 /* Chicken.m */; };
		9566B2BF1DD2D085006F0119 /* Human.m in Sources */ = {isa = PBXBuildFile; fileRef = 9566B2BC1DD2D085006F0119 /* Human.m */; };
		9566B2C31DD2D50B006F0119 /* Alien.m in Sources */ = {isa = PBXBuildFile; fileRef = 9566B2C21DD2D50B006F0119 /* Alien.m */; };
/* End PBXBuildFile section */

/* Begin PBXFileReference section */
		9566B2931DD2CDB9006F0119 /* RealmNotificaitonBlockNoCalled.app */ = {isa = PBXFileReference; explicitFileType = wrapper.application; includeInIndex = 0; path = RealmNotificaitonBlockNoCalled.app; sourceTree = BUILT_PRODUCTS_DIR; };
		9566B2971DD2CDB9006F0119 /* main.m */ = {isa = PBXFileReference; lastKnownFileType = sourcecode.c.objc; path = main.m; sourceTree = "<group>"; };
		9566B2991DD2CDB9006F0119 /* AppDelegate.h */ = {isa = PBXFileReference; lastKnownFileType = sourcecode.c.h; path = AppDelegate.h; sourceTree = "<group>"; };
		9566B29A1DD2CDB9006F0119 /* AppDelegate.m */ = {isa = PBXFileReference; lastKnownFileType = sourcecode.c.objc; path = AppDelegate.m; sourceTree = "<group>"; };
		9566B29C1DD2CDB9006F0119 /* ViewController.h */ = {isa = PBXFileReference; lastKnownFileType = sourcecode.c.h; path = ViewController.h; sourceTree = "<group>"; };
		9566B29D1DD2CDB9006F0119 /* ViewController.m */ = {isa = PBXFileReference; lastKnownFileType = sourcecode.c.objc; path = ViewController.m; sourceTree = "<group>"; };
		9566B2A01DD2CDB9006F0119 /* Base */ = {isa = PBXFileReference; lastKnownFileType = file.storyboard; name = Base; path = Base.lproj/Main.storyboard; sourceTree = "<group>"; };
		9566B2A21DD2CDB9006F0119 /* Assets.xcassets */ = {isa = PBXFileReference; lastKnownFileType = folder.assetcatalog; path = Assets.xcassets; sourceTree = "<group>"; };
		9566B2A51DD2CDB9006F0119 /* Base */ = {isa = PBXFileReference; lastKnownFileType = file.storyboard; name = Base; path = Base.lproj/LaunchScreen.storyboard; sourceTree = "<group>"; };
		9566B2A71DD2CDB9006F0119 /* Info.plist */ = {isa = PBXFileReference; lastKnownFileType = text.plist.xml; path = Info.plist; sourceTree = "<group>"; };
		9566B2B71DD2D085006F0119 /* Animal.h */ = {isa = PBXFileReference; fileEncoding = 4; lastKnownFileType = sourcecode.c.h; path = Animal.h; sourceTree = "<group>"; };
		9566B2B81DD2D085006F0119 /* Animal.m */ = {isa = PBXFileReference; fileEncoding = 4; lastKnownFileType = sourcecode.c.objc; path = Animal.m; sourceTree = "<group>"; };
		9566B2B91DD2D085006F0119 /* Chicken.h */ = {isa = PBXFileReference; fileEncoding = 4; lastKnownFileType = sourcecode.c.h; path = Chicken.h; sourceTree = "<group>"; };
		9566B2BA1DD2D085006F0119 /* Chicken.m */ = {isa = PBXFileReference; fileEncoding = 4; lastKnownFileType = sourcecode.c.objc; path = Chicken.m; sourceTree = "<group>"; };
		9566B2BB1DD2D085006F0119 /* Human.h */ = {isa = PBXFileReference; fileEncoding = 4; lastKnownFileType = sourcecode.c.h; path = Human.h; sourceTree = "<group>"; };
		9566B2BC1DD2D085006F0119 /* Human.m */ = {isa = PBXFileReference; fileEncoding = 4; lastKnownFileType = sourcecode.c.objc; path = Human.m; sourceTree = "<group>"; };
		9566B2C11DD2D50B006F0119 /* Alien.h */ = {isa = PBXFileReference; fileEncoding = 4; lastKnownFileType = sourcecode.c.h; path = Alien.h; sourceTree = "<group>"; };
		9566B2C21DD2D50B006F0119 /* Alien.m */ = {isa = PBXFileReference; fileEncoding = 4; lastKnownFileType = sourcecode.c.objc; path = Alien.m; sourceTree = "<group>"; };
		CA6B02825BDDF519D165F14C /* libPods-RealmNotificaitonBlockNoCalled.a */ = {isa = PBXFileReference; explicitFileType = archive.ar; includeInIndex = 0; path = "libPods-RealmNotificaitonBlockNoCalled.a"; sourceTree = BUILT_PRODUCTS_DIR; };
		DCA3057C2D97BEF8C7EFA0DD /* Pods-RealmNotificaitonBlockNoCalled.release.xcconfig */ = {isa = PBXFileReference; includeInIndex = 1; lastKnownFileType = text.xcconfig; name = "Pods-RealmNotificaitonBlockNoCalled.release.xcconfig"; path = "Pods/Target Support Files/Pods-RealmNotificaitonBlockNoCalled/Pods-RealmNotificaitonBlockNoCalled.release.xcconfig"; sourceTree = "<group>"; };
		E7E591DA01A203DB2FC180CA /* Pods-RealmNotificaitonBlockNoCalled.debug.xcconfig */ = {isa = PBXFileReference; includeInIndex = 1; lastKnownFileType = text.xcconfig; name = "Pods-RealmNotificaitonBlockNoCalled.debug.xcconfig"; path = "Pods/Target Support Files/Pods-RealmNotificaitonBlockNoCalled/Pods-RealmNotificaitonBlockNoCalled.debug.xcconfig"; sourceTree = "<group>"; };
/* End PBXFileReference section */

/* Begin PBXFrameworksBuildPhase section */
		9566B2901DD2CDB9006F0119 /* Frameworks */ = {
			isa = PBXFrameworksBuildPhase;
			buildActionMask = 2147483647;
			files = (
				6162ED710366597473408104 /* libPods-RealmNotificaitonBlockNoCalled.a in Frameworks */,
			);
			runOnlyForDeploymentPostprocessing = 0;
		};
/* End PBXFrameworksBuildPhase section */

/* Begin PBXGroup section */
		9566B28A1DD2CDB9006F0119 = {
			isa = PBXGroup;
			children = (
				9566B2951DD2CDB9006F0119 /* RealmNotificaitonBlockNoCalled */,
				9566B2941DD2CDB9006F0119 /* Products */,
				D533135FD47BDDF0370D6299 /* Pods */,
				C5354DB96BDA4FA343A33C90 /* Frameworks */,
			);
			sourceTree = "<group>";
		};
		9566B2941DD2CDB9006F0119 /* Products */ = {
			isa = PBXGroup;
			children = (
				9566B2931DD2CDB9006F0119 /* RealmNotificaitonBlockNoCalled.app */,
			);
			name = Products;
			sourceTree = "<group>";
		};
		9566B2951DD2CDB9006F0119 /* RealmNotificaitonBlockNoCalled */ = {
			isa = PBXGroup;
			children = (
				9566B2C01DD2D089006F0119 /* Model */,
				9566B2991DD2CDB9006F0119 /* AppDelegate.h */,
				9566B29A1DD2CDB9006F0119 /* AppDelegate.m */,
				9566B29C1DD2CDB9006F0119 /* ViewController.h */,
				9566B29D1DD2CDB9006F0119 /* ViewController.m */,
				9566B29F1DD2CDB9006F0119 /* Main.storyboard */,
				9566B2A21DD2CDB9006F0119 /* Assets.xcassets */,
				9566B2A41DD2CDB9006F0119 /* LaunchScreen.storyboard */,
				9566B2A71DD2CDB9006F0119 /* Info.plist */,
				9566B2961DD2CDB9006F0119 /* Supporting Files */,
			);
			path = RealmNotificaitonBlockNoCalled;
			sourceTree = "<group>";
		};
		9566B2961DD2CDB9006F0119 /* Supporting Files */ = {
			isa = PBXGroup;
			children = (
				9566B2971DD2CDB9006F0119 /* main.m */,
			);
			name = "Supporting Files";
			sourceTree = "<group>";
		};
		9566B2C01DD2D089006F0119 /* Model */ = {
			isa = PBXGroup;
			children = (
				9566B2B71DD2D085006F0119 /* Animal.h */,
				9566B2C11DD2D50B006F0119 /* Alien.h */,
				9566B2C21DD2D50B006F0119 /* Alien.m */,
				9566B2B81DD2D085006F0119 /* Animal.m */,
				9566B2B91DD2D085006F0119 /* Chicken.h */,
				9566B2BA1DD2D085006F0119 /* Chicken.m */,
				9566B2BB1DD2D085006F0119 /* Human.h */,
				9566B2BC1DD2D085006F0119 /* Human.m */,
			);
			name = Model;
			sourceTree = "<group>";
		};
		C5354DB96BDA4FA343A33C90 /* Frameworks */ = {
			isa = PBXGroup;
			children = (
				CA6B02825BDDF519D165F14C /* libPods-RealmNotificaitonBlockNoCalled.a */,
			);
			name = Frameworks;
			sourceTree = "<group>";
		};
		D533135FD47BDDF0370D6299 /* Pods */ = {
			isa = PBXGroup;
			children = (
				E7E591DA01A203DB2FC180CA /* Pods-RealmNotificaitonBlockNoCalled.debug.xcconfig */,
				DCA3057C2D97BEF8C7EFA0DD /* Pods-RealmNotificaitonBlockNoCalled.release.xcconfig */,
			);
			name = Pods;
			sourceTree = "<group>";
		};
/* End PBXGroup section */

/* Begin PBXNativeTarget section */
		9566B2921DD2CDB9006F0119 /* RealmNotificaitonBlockNoCalled */ = {
			isa = PBXNativeTarget;
			buildConfigurationList = 9566B2AA1DD2CDB9006F0119 /* Build configuration list for PBXNativeTarget "RealmNotificaitonBlockNoCalled" */;
			buildPhases = (
				96C0210F0D2E4E3BAB3451FF /* [CP] Check Pods Manifest.lock */,
				9566B28F1DD2CDB9006F0119 /* Sources */,
				9566B2901DD2CDB9006F0119 /* Frameworks */,
				9566B2911DD2CDB9006F0119 /* Resources */,
				C09845DFCA172F613538E55D /* [CP] Embed Pods Frameworks */,
				36F99C6ECD973BFACFB6827D /* [CP] Copy Pods Resources */,
			);
			buildRules = (
			);
			dependencies = (
			);
			name = RealmNotificaitonBlockNoCalled;
			productName = RealmNotificaitonBlockNoCalled;
			productReference = 9566B2931DD2CDB9006F0119 /* RealmNotificaitonBlockNoCalled.app */;
			productType = "com.apple.product-type.application";
		};
/* End PBXNativeTarget section */

/* Begin PBXProject section */
		9566B28B1DD2CDB9006F0119 /* Project object */ = {
			isa = PBXProject;
			attributes = {
				LastUpgradeCheck = 0800;
				ORGANIZATIONNAME = Dennis;
				TargetAttributes = {
					9566B2921DD2CDB9006F0119 = {
						CreatedOnToolsVersion = 8.0;
						DevelopmentTeam = T2Z4V5DWHX;
						ProvisioningStyle = Automatic;
					};
				};
			};
			buildConfigurationList = 9566B28E1DD2CDB9006F0119 /* Build configuration list for PBXProject "RealmNotificaitonBlockNoCalled" */;
			compatibilityVersion = "Xcode 3.2";
			developmentRegion = English;
			hasScannedForEncodings = 0;
			knownRegions = (
				en,
				Base,
			);
			mainGroup = 9566B28A1DD2CDB9006F0119;
			productRefGroup = 9566B2941DD2CDB9006F0119 /* Products */;
			projectDirPath = "";
			projectRoot = "";
			targets = (
				9566B2921DD2CDB9006F0119 /* RealmNotificaitonBlockNoCalled */,
			);
		};
/* End PBXProject section */

/* Begin PBXResourcesBuildPhase section */
		9566B2911DD2CDB9006F0119 /* Resources */ = {
			isa = PBXResourcesBuildPhase;
			buildActionMask = 2147483647;
			files = (
				9566B2A61DD2CDB9006F0119 /* LaunchScreen.storyboard in Resources */,
				9566B2A31DD2CDB9006F0119 /* Assets.xcassets in Resources */,
				9566B2A11DD2CDB9006F0119 /* Main.storyboard in Resources */,
			);
			runOnlyForDeploymentPostprocessing = 0;
		};
/* End PBXResourcesBuildPhase section */

/* Begin PBXShellScriptBuildPhase section */
		36F99C6ECD973BFACFB6827D /* [CP] Copy Pods Resources */ = {
			isa = PBXShellScriptBuildPhase;
			buildActionMask = 2147483647;
			files = (
			);
			inputPaths = (
			);
			name = "[CP] Copy Pods Resources";
			outputPaths = (
			);
			runOnlyForDeploymentPostprocessing = 0;
			shellPath = /bin/sh;
			shellScript = "\"${SRCROOT}/Pods/Target Support Files/Pods-RealmNotificaitonBlockNoCalled/Pods-RealmNotificaitonBlockNoCalled-resources.sh\"\n";
			showEnvVarsInLog = 0;
		};
		96C0210F0D2E4E3BAB3451FF /* [CP] Check Pods Manifest.lock */ = {
			isa = PBXShellScriptBuildPhase;
			buildActionMask = 2147483647;
			files = (
			);
			inputPaths = (
			);
			name = "[CP] Check Pods Manifest.lock";
			outputPaths = (
			);
			runOnlyForDeploymentPostprocessing = 0;
			shellPath = /bin/sh;
			shellScript = "diff \"${PODS_ROOT}/../Podfile.lock\" \"${PODS_ROOT}/Manifest.lock\" > /dev/null\nif [ $? != 0 ] ; then\n    # print error to STDERR\n    echo \"error: The sandbox is not in sync with the Podfile.lock. Run 'pod install' or update your CocoaPods installation.\" >&2\n    exit 1\nfi\n";
			showEnvVarsInLog = 0;
		};
		C09845DFCA172F613538E55D /* [CP] Embed Pods Frameworks */ = {
			isa = PBXShellScriptBuildPhase;
			buildActionMask = 2147483647;
			files = (
			);
			inputPaths = (
			);
			name = "[CP] Embed Pods Frameworks";
			outputPaths = (
			);
			runOnlyForDeploymentPostprocessing = 0;
			shellPath = /bin/sh;
			shellScript = "\"${SRCROOT}/Pods/Target Support Files/Pods-RealmNotificaitonBlockNoCalled/Pods-RealmNotificaitonBlockNoCalled-frameworks.sh\"\n";
			showEnvVarsInLog = 0;
		};
/* End PBXShellScriptBuildPhase section */

/* Begin PBXSourcesBuildPhase section */
		9566B28F1DD2CDB9006F0119 /* Sources */ = {
			isa = PBXSourcesBuildPhase;
			buildActionMask = 2147483647;
			files = (
				9566B29E1DD2CDB9006F0119 /* ViewController.m in Sources */,
				9566B2BD1DD2D085006F0119 /* Animal.m in Sources */,
				9566B2C31DD2D50B006F0119 /* Alien.m in Sources */,
				9566B29B1DD2CDB9006F0119 /* AppDelegate.m in Sources */,
				9566B2BF1DD2D085006F0119 /* Human.m in Sources */,
				9566B2BE1DD2D085006F0119 /* Chicken.m in Sources */,
				9566B2981DD2CDB9006F0119 /* main.m in Sources */,
			);
			runOnlyForDeploymentPostprocessing = 0;
		};
/* End PBXSourcesBuildPhase section */

/* Begin PBXVariantGroup section */
		9566B29F1DD2CDB9006F0119 /* Main.storyboard */ = {
			isa = PBXVariantGroup;
			children = (
				9566B2A01DD2CDB9006F0119 /* Base */,
			);
			name = Main.storyboard;
			sourceTree = "<group>";
		};
		9566B2A41DD2CDB9006F0119 /* LaunchScreen.storyboard */ = {
			isa = PBXVariantGroup;
			children = (
				9566B2A51DD2CDB9006F0119 /* Base */,
			);
			name = LaunchScreen.storyboard;
			sourceTree = "<group>";
		};
/* End PBXVariantGroup section */

/* Begin XCBuildConfiguration section */
		9566B2A81DD2CDB9006F0119 /* Debug */ = {
			isa = XCBuildConfiguration;
			buildSettings = {
				ALWAYS_SEARCH_USER_PATHS = NO;
				CLANG_ANALYZER_NONNULL = YES;
				CLANG_CXX_LANGUAGE_STANDARD = "gnu++0x";
				CLANG_CXX_LIBRARY = "libc++";
				CLANG_ENABLE_MODULES = YES;
				CLANG_ENABLE_OBJC_ARC = YES;
				CLANG_WARN_BOOL_CONVERSION = YES;
				CLANG_WARN_CONSTANT_CONVERSION = YES;
				CLANG_WARN_DIRECT_OBJC_ISA_USAGE = YES_ERROR;
				CLANG_WARN_DOCUMENTATION_COMMENTS = YES;
				CLANG_WARN_EMPTY_BODY = YES;
				CLANG_WARN_ENUM_CONVERSION = YES;
				CLANG_WARN_INFINITE_RECURSION = YES;
				CLANG_WARN_INT_CONVERSION = YES;
				CLANG_WARN_OBJC_ROOT_CLASS = YES_ERROR;
				CLANG_WARN_SUSPICIOUS_MOVES = YES;
				CLANG_WARN_UNREACHABLE_CODE = YES;
				CLANG_WARN__DUPLICATE_METHOD_MATCH = YES;
				"CODE_SIGN_IDENTITY[sdk=iphoneos*]" = "iPhone Developer";
				COPY_PHASE_STRIP = NO;
				DEBUG_INFORMATION_FORMAT = dwarf;
				ENABLE_STRICT_OBJC_MSGSEND = YES;
				ENABLE_TESTABILITY = YES;
				GCC_C_LANGUAGE_STANDARD = gnu99;
				GCC_DYNAMIC_NO_PIC = NO;
				GCC_NO_COMMON_BLOCKS = YES;
				GCC_OPTIMIZATION_LEVEL = 0;
				GCC_PREPROCESSOR_DEFINITIONS = (
					"DEBUG=1",
					"$(inherited)",
				);
				GCC_WARN_64_TO_32_BIT_CONVERSION = YES;
				GCC_WARN_ABOUT_RETURN_TYPE = YES_ERROR;
				GCC_WARN_UNDECLARED_SELECTOR = YES;
				GCC_WARN_UNINITIALIZED_AUTOS = YES_AGGRESSIVE;
				GCC_WARN_UNUSED_FUNCTION = YES;
				GCC_WARN_UNUSED_VARIABLE = YES;
				IPHONEOS_DEPLOYMENT_TARGET = 10.0;
				MTL_ENABLE_DEBUG_INFO = YES;
				ONLY_ACTIVE_ARCH = YES;
				SDKROOT = iphoneos;
				TARGETED_DEVICE_FAMILY = "1,2";
			};
			name = Debug;
		};
		9566B2A91DD2CDB9006F0119 /* Release */ = {
			isa = XCBuildConfiguration;
			buildSettings = {
				ALWAYS_SEARCH_USER_PATHS = NO;
				CLANG_ANALYZER_NONNULL = YES;
				CLANG_CXX_LANGUAGE_STANDARD = "gnu++0x";
				CLANG_CXX_LIBRARY = "libc++";
				CLANG_ENABLE_MODULES = YES;
				CLANG_ENABLE_OBJC_ARC = YES;
				CLANG_WARN_BOOL_CONVERSION = YES;
				CLANG_WARN_CONSTANT_CONVERSION = YES;
				CLANG_WARN_DIRECT_OBJC_ISA_USAGE = YES_ERROR;
				CLANG_WARN_DOCUMENTATION_COMMENTS = YES;
				CLANG_WARN_EMPTY_BODY = YES;
				CLANG_WARN_ENUM_CONVERSION = YES;
				CLANG_WARN_INFINITE_RECURSION = YES;
				CLANG_WARN_INT_CONVERSION = YES;
				CLANG_WARN_OBJC_ROOT_CLASS = YES_ERROR;
				CLANG_WARN_SUSPICIOUS_MOVES = YES;
				CLANG_WARN_UNREACHABLE_CODE = YES;
				CLANG_WARN__DUPLICATE_METHOD_MATCH = YES;
				"CODE_SIGN_IDENTITY[sdk=iphoneos*]" = "iPhone Developer";
				COPY_PHASE_STRIP = NO;
				DEBUG_INFORMATION_FORMAT = "dwarf-with-dsym";
				ENABLE_NS_ASSERTIONS = NO;
				ENABLE_STRICT_OBJC_MSGSEND = YES;
				GCC_C_LANGUAGE_STANDARD = gnu99;
				GCC_NO_COMMON_BLOCKS = YES;
				GCC_WARN_64_TO_32_BIT_CONVERSION = YES;
				GCC_WARN_ABOUT_RETURN_TYPE = YES_ERROR;
				GCC_WARN_UNDECLARED_SELECTOR = YES;
				GCC_WARN_UNINITIALIZED_AUTOS = YES_AGGRESSIVE;
				GCC_WARN_UNUSED_FUNCTION = YES;
				GCC_WARN_UNUSED_VARIABLE = YES;
				IPHONEOS_DEPLOYMENT_TARGET = 10.0;
				MTL_ENABLE_DEBUG_INFO = NO;
				SDKROOT = iphoneos;
				TARGETED_DEVICE_FAMILY = "1,2";
				VALIDATE_PRODUCT = YES;
			};
			name = Release;
		};
		9566B2AB1DD2CDB9006F0119 /* Debug */ = {
			isa = XCBuildConfiguration;
			baseConfigurationReference = E7E591DA01A203DB2FC180CA /* Pods-RealmNotificaitonBlockNoCalled.debug.xcconfig */;
			buildSettings = {
				ASSETCATALOG_COMPILER_APPICON_NAME = AppIcon;
				DEVELOPMENT_TEAM = T2Z4V5DWHX;
				INFOPLIST_FILE = RealmNotificaitonBlockNoCalled/Info.plist;
				LD_RUNPATH_SEARCH_PATHS = "$(inherited) @executable_path/Frameworks";
				PRODUCT_BUNDLE_IDENTIFIER = com.denniszxxc.RealmNotificaitonBlockNoCalled;
				PRODUCT_NAME = "$(TARGET_NAME)";
			};
			name = Debug;
		};
		9566B2AC1DD2CDB9006F0119 /* Release */ = {
			isa = XCBuildConfiguration;
			baseConfigurationReference = DCA3057C2D97BEF8C7EFA0DD /* Pods-RealmNotificaitonBlockNoCalled.release.xcconfig */;
			buildSettings = {
				ASSETCATALOG_COMPILER_APPICON_NAME = AppIcon;
				DEVELOPMENT_TEAM = T2Z4V5DWHX;
				INFOPLIST_FILE = RealmNotificaitonBlockNoCalled/Info.plist;
				LD_RUNPATH_SEARCH_PATHS = "$(inherited) @executable_path/Frameworks";
				PRODUCT_BUNDLE_IDENTIFIER = com.denniszxxc.RealmNotificaitonBlockNoCalled;
				PRODUCT_NAME = "$(TARGET_NAME)";
			};
			name = Release;
		};
/* End XCBuildConfiguration section */

/* Begin XCConfigurationList section */
		9566B28E1DD2CDB9006F0119 /* Build configuration list for PBXProject "RealmNotificaitonBlockNoCalled" */ = {
			isa = XCConfigurationList;
			buildConfigurations = (
				9566B2A81DD2CDB9006F0119 /* Debug */,
				9566B2A91DD2CDB9006F0119 /* Release */,
			);
			defaultConfigurationIsVisible = 0;
			defaultConfigurationName = Release;
		};
		9566B2AA1DD2CDB9006F0119 /* Build configuration list for PBXNativeTarget "RealmNotificaitonBlockNoCalled" */ = {
			isa = XCConfigurationList;
			buildConfigurations = (
				9566B2AB1DD2CDB9006F0119 /* Debug */,
				9566B2AC1DD2CDB9006F0119 /* Release */,
			);
			defaultConfigurationIsVisible = 0;
			defaultConfigurationName = Release;
		};
/* End XCConfigurationList section */
	};
	rootObject = 9566B28B1DD2CDB9006F0119 /* Project object */;
}
